// !$*UTF8*$!
{
	archiveVersion = 1;
	classes = {
	};
	objectVersion = 50;
	objects = {

/* Begin PBXBuildFile section */
		1E0665D62486C60E00F24E81 /* Person.swift in Sources */ = {isa = PBXBuildFile; fileRef = 1E0665D52486C60E00F24E81 /* Person.swift */; };
		1E0665D82486C61B00F24E81 /* PersonViewController.swift in Sources */ = {isa = PBXBuildFile; fileRef = 1E0665D72486C61B00F24E81 /* PersonViewController.swift */; };
		1E0665DA2486C62C00F24E81 /* PersonViewModel.swift in Sources */ = {isa = PBXBuildFile; fileRef = 1E0665D92486C62C00F24E81 /* PersonViewModel.swift */; };
		1E0665DC2486CA4200F24E81 /* ApprovedPeopleCollectionCell.swift in Sources */ = {isa = PBXBuildFile; fileRef = 1E0665DB2486CA4200F24E81 /* ApprovedPeopleCollectionCell.swift */; };
		1E569D2A2478698E0035CADA /* LoginViewController.swift in Sources */ = {isa = PBXBuildFile; fileRef = 1E569D292478698E0035CADA /* LoginViewController.swift */; };
		1E569D30247869C70035CADA /* AuthState.swift in Sources */ = {isa = PBXBuildFile; fileRef = 1E569D2E247869C70035CADA /* AuthState.swift */; };
		1E569D31247869C70035CADA /* SignInWithAppleManager.swift in Sources */ = {isa = PBXBuildFile; fileRef = 1E569D2F247869C70035CADA /* SignInWithAppleManager.swift */; };
		1E67FD97245B634200182C41 /* AppDelegate.swift in Sources */ = {isa = PBXBuildFile; fileRef = 1E67FD96245B634200182C41 /* AppDelegate.swift */; };
		1E67FD99245B634200182C41 /* SceneDelegate.swift in Sources */ = {isa = PBXBuildFile; fileRef = 1E67FD98245B634200182C41 /* SceneDelegate.swift */; };
		1E67FD9E245B634200182C41 /* Main.storyboard in Resources */ = {isa = PBXBuildFile; fileRef = 1E67FD9C245B634200182C41 /* Main.storyboard */; };
		1E67FDA1245B634200182C41 /* RemoteMC3.xcdatamodeld in Sources */ = {isa = PBXBuildFile; fileRef = 1E67FD9F245B634200182C41 /* RemoteMC3.xcdatamodeld */; };
		1E67FDA3245B634400182C41 /* Assets.xcassets in Resources */ = {isa = PBXBuildFile; fileRef = 1E67FDA2245B634400182C41 /* Assets.xcassets */; };
		1E67FDA6245B634400182C41 /* LaunchScreen.storyboard in Resources */ = {isa = PBXBuildFile; fileRef = 1E67FDA4245B634400182C41 /* LaunchScreen.storyboard */; };
		1E67FDB1245B634500182C41 /* RemoteMC3Tests.swift in Sources */ = {isa = PBXBuildFile; fileRef = 1E67FDB0245B634500182C41 /* RemoteMC3Tests.swift */; };
		1E67FDBC245B634500182C41 /* RemoteMC3UITests.swift in Sources */ = {isa = PBXBuildFile; fileRef = 1E67FDBB245B634500182C41 /* RemoteMC3UITests.swift */; };
		1ED7C771247C4F3200042340 /* LoginViewModel.swift in Sources */ = {isa = PBXBuildFile; fileRef = 1ED7C770247C4F3200042340 /* LoginViewModel.swift */; };
		1EDCF6B92486E8CE00E7FAFB /* PendingPeopleCollectionCell.swift in Sources */ = {isa = PBXBuildFile; fileRef = 1EDCF6B82486E8CE00E7FAFB /* PendingPeopleCollectionCell.swift */; };
		25E79839246F0CE8009E35C0 /* ConfigurationViewController.swift in Sources */ = {isa = PBXBuildFile; fileRef = 25E79838246F0CE8009E35C0 /* ConfigurationViewController.swift */; };
		25E7983B246F0D5C009E35C0 /* ConfigurationViewModel.swift in Sources */ = {isa = PBXBuildFile; fileRef = 25E7983A246F0D5C009E35C0 /* ConfigurationViewModel.swift */; };
		25E7983D246F115A009E35C0 /* ConfigurationCollectionCell.swift in Sources */ = {isa = PBXBuildFile; fileRef = 25E7983C246F115A009E35C0 /* ConfigurationCollectionCell.swift */; };
		25FA6C4E246DC5E300F4837F /* Notification.swift in Sources */ = {isa = PBXBuildFile; fileRef = 25FA6C4D246DC5E300F4837F /* Notification.swift */; };
		25FA6C50246DC6A100F4837F /* RequestNotification.swift in Sources */ = {isa = PBXBuildFile; fileRef = 25FA6C4F246DC6A100F4837F /* RequestNotification.swift */; };
		25FA6C52246DC82600F4837F /* NotificationViewController.swift in Sources */ = {isa = PBXBuildFile; fileRef = 25FA6C51246DC82600F4837F /* NotificationViewController.swift */; };
		25FA6C54246DCA4100F4837F /* NotificationViewModel.swift in Sources */ = {isa = PBXBuildFile; fileRef = 25FA6C53246DCA4100F4837F /* NotificationViewModel.swift */; };
		25FA6C56246DD3DC00F4837F /* NotificationCollectionCell.swift in Sources */ = {isa = PBXBuildFile; fileRef = 25FA6C55246DD3DC00F4837F /* NotificationCollectionCell.swift */; };
		4F339D512473055A009F5102 /* ServerService.swift in Sources */ = {isa = PBXBuildFile; fileRef = 4F339D502473055A009F5102 /* ServerService.swift */; };
		4F339D59247472E7009F5102 /* Responsible.swift in Sources */ = {isa = PBXBuildFile; fileRef = 4F339D58247472E7009F5102 /* Responsible.swift */; };
		4F339D5B24747D56009F5102 /* MemberViewModel.swift in Sources */ = {isa = PBXBuildFile; fileRef = 4F339D5A24747D56009F5102 /* MemberViewModel.swift */; };
		4F339D6224771090009F5102 /* Response.swift in Sources */ = {isa = PBXBuildFile; fileRef = 4F339D6124771090009F5102 /* Response.swift */; };
		4F339D64247710A0009F5102 /* Requisition.swift in Sources */ = {isa = PBXBuildFile; fileRef = 4F339D63247710A0009F5102 /* Requisition.swift */; };
		4F339D6624771137009F5102 /* CommunicationProtocol.swift in Sources */ = {isa = PBXBuildFile; fileRef = 4F339D6524771137009F5102 /* CommunicationProtocol.swift */; };
		4F339D68247CA5FB009F5102 /* Solicitation.swift in Sources */ = {isa = PBXBuildFile; fileRef = 4F339D67247CA5FA009F5102 /* Solicitation.swift */; };
		4F8B402D2469E3D700189CA6 /* FeedViewModel.swift in Sources */ = {isa = PBXBuildFile; fileRef = 4F8B402C2469E3D700189CA6 /* FeedViewModel.swift */; };
		4F8B402F2469E41700189CA6 /* Project.swift in Sources */ = {isa = PBXBuildFile; fileRef = 4F8B402E2469E41700189CA6 /* Project.swift */; };
		4F8B40352469E50700189CA6 /* User.swift in Sources */ = {isa = PBXBuildFile; fileRef = 4F8B40342469E50700189CA6 /* User.swift */; };
		4F8B40372469E52F00189CA6 /* Phase.swift in Sources */ = {isa = PBXBuildFile; fileRef = 4F8B40362469E52F00189CA6 /* Phase.swift */; };
		4F8B40392469E59F00189CA6 /* FeedViewController.swift in Sources */ = {isa = PBXBuildFile; fileRef = 4F8B40382469E59F00189CA6 /* FeedViewController.swift */; };
		4F8B403C2469EDE300189CA6 /* FeedProjectCollectionCell.swift in Sources */ = {isa = PBXBuildFile; fileRef = 4F8B403B2469EDE300189CA6 /* FeedProjectCollectionCell.swift */; };
		4F8B403F2469F51400189CA6 /* CloudKitService.swift in Sources */ = {isa = PBXBuildFile; fileRef = 4F8B403E2469F51400189CA6 /* CloudKitService.swift */; };
		CB02B483246D9FA70071B7F2 /* CreateProjectViewController.swift in Sources */ = {isa = PBXBuildFile; fileRef = CB02B482246D9FA70071B7F2 /* CreateProjectViewController.swift */; };
		CB04A5D2247309FE00CF5DB4 /* SpecificPhaseTableCell.swift in Sources */ = {isa = PBXBuildFile; fileRef = CB04A5D1247309FE00CF5DB4 /* SpecificPhaseTableCell.swift */; };
		CB0778EC24709F4F00D4AA0E /* VerticallyCenteredTextView.swift in Sources */ = {isa = PBXBuildFile; fileRef = CB0778EB24709F4F00D4AA0E /* VerticallyCenteredTextView.swift */; };
		CB479DA524854FDD005A2BBB /* EditProjectViewController.swift in Sources */ = {isa = PBXBuildFile; fileRef = CB479DA424854FDD005A2BBB /* EditProjectViewController.swift */; };
		CB479DA924859AA1005A2BBB /* EditProjectViewModel.swift in Sources */ = {isa = PBXBuildFile; fileRef = CB479DA824859AA1005A2BBB /* EditProjectViewModel.swift */; };
		CB4FFD9F2474606200DB480B /* MemberViewController.swift in Sources */ = {isa = PBXBuildFile; fileRef = CB4FFD9E2474606200DB480B /* MemberViewController.swift */; };
		CB4FFDA5247465B000DB480B /* Member.swift in Sources */ = {isa = PBXBuildFile; fileRef = CB4FFDA4247465B000DB480B /* Member.swift */; };
		CB6BFFA6246B70A500C3BA1E /* FeedCategoryCollectionCell.swift in Sources */ = {isa = PBXBuildFile; fileRef = CB6BFFA5246B70A500C3BA1E /* FeedCategoryCollectionCell.swift */; };
		CB7C366B2471D2FC00B7D9FD /* SpecificProjectViewModel.swift in Sources */ = {isa = PBXBuildFile; fileRef = CB7C366A2471D2FC00B7D9FD /* SpecificProjectViewModel.swift */; };
		CB7C366D2471D32D00B7D9FD /* SpecificProjectPhaseCollectionCell.swift in Sources */ = {isa = PBXBuildFile; fileRef = CB7C366C2471D32D00B7D9FD /* SpecificProjectPhaseCollectionCell.swift */; };
		CB7C366F2471D35D00B7D9FD /* SpecificProjectCollectionCell.swift in Sources */ = {isa = PBXBuildFile; fileRef = CB7C366E2471D35D00B7D9FD /* SpecificProjectCollectionCell.swift */; };
		CBAB302524868EAB00557C08 /* ProjectWiithMeCollectionCell.swift in Sources */ = {isa = PBXBuildFile; fileRef = CBAB302424868EAB00557C08 /* ProjectWiithMeCollectionCell.swift */; };
		CBBDE668246C634A005B52D0 /* Category.swift in Sources */ = {isa = PBXBuildFile; fileRef = CBBDE667246C634A005B52D0 /* Category.swift */; };
		CBC3E0EE2479B64500273E62 /* CustomCollectionHeader.swift in Sources */ = {isa = PBXBuildFile; fileRef = CBC3E0ED2479B64500273E62 /* CustomCollectionHeader.swift */; };
		CBC7751D246EE0D900D1B70F /* CreateProjectViewModel.swift in Sources */ = {isa = PBXBuildFile; fileRef = CBC7751C246EE0D900D1B70F /* CreateProjectViewModel.swift */; };
		CBC7751F246EE6DC00D1B70F /* SpecificProjectViewController.swift in Sources */ = {isa = PBXBuildFile; fileRef = CBC7751E246EE6DC00D1B70F /* SpecificProjectViewController.swift */; };
		CBF273DA246EEB66004027A4 /* Extension.swift in Sources */ = {isa = PBXBuildFile; fileRef = CBF273D9246EEB66004027A4 /* Extension.swift */; };
/* End PBXBuildFile section */

/* Begin PBXContainerItemProxy section */
		1E67FDAD245B634500182C41 /* PBXContainerItemProxy */ = {
			isa = PBXContainerItemProxy;
			containerPortal = 1E67FD8B245B634200182C41 /* Project object */;
			proxyType = 1;
			remoteGlobalIDString = 1E67FD92245B634200182C41;
			remoteInfo = RemoteMC3;
		};
		1E67FDB8245B634500182C41 /* PBXContainerItemProxy */ = {
			isa = PBXContainerItemProxy;
			containerPortal = 1E67FD8B245B634200182C41 /* Project object */;
			proxyType = 1;
			remoteGlobalIDString = 1E67FD92245B634200182C41;
			remoteInfo = RemoteMC3;
		};
/* End PBXContainerItemProxy section */

/* Begin PBXFileReference section */
		1E0665D52486C60E00F24E81 /* Person.swift */ = {isa = PBXFileReference; lastKnownFileType = sourcecode.swift; path = Person.swift; sourceTree = "<group>"; };
		1E0665D72486C61B00F24E81 /* PersonViewController.swift */ = {isa = PBXFileReference; lastKnownFileType = sourcecode.swift; path = PersonViewController.swift; sourceTree = "<group>"; };
		1E0665D92486C62C00F24E81 /* PersonViewModel.swift */ = {isa = PBXFileReference; lastKnownFileType = sourcecode.swift; path = PersonViewModel.swift; sourceTree = "<group>"; };
		1E0665DB2486CA4200F24E81 /* ApprovedPeopleCollectionCell.swift */ = {isa = PBXFileReference; lastKnownFileType = sourcecode.swift; path = ApprovedPeopleCollectionCell.swift; sourceTree = "<group>"; };
		1E569D292478698E0035CADA /* LoginViewController.swift */ = {isa = PBXFileReference; fileEncoding = 4; lastKnownFileType = sourcecode.swift; path = LoginViewController.swift; sourceTree = "<group>"; };
		1E569D2E247869C70035CADA /* AuthState.swift */ = {isa = PBXFileReference; fileEncoding = 4; lastKnownFileType = sourcecode.swift; path = AuthState.swift; sourceTree = "<group>"; };
		1E569D2F247869C70035CADA /* SignInWithAppleManager.swift */ = {isa = PBXFileReference; fileEncoding = 4; lastKnownFileType = sourcecode.swift; path = SignInWithAppleManager.swift; sourceTree = "<group>"; };
		1E67FD93245B634200182C41 /* Projeta.app */ = {isa = PBXFileReference; explicitFileType = wrapper.application; includeInIndex = 0; path = Projeta.app; sourceTree = BUILT_PRODUCTS_DIR; };
		1E67FD96245B634200182C41 /* AppDelegate.swift */ = {isa = PBXFileReference; lastKnownFileType = sourcecode.swift; path = AppDelegate.swift; sourceTree = "<group>"; };
		1E67FD98245B634200182C41 /* SceneDelegate.swift */ = {isa = PBXFileReference; lastKnownFileType = sourcecode.swift; path = SceneDelegate.swift; sourceTree = "<group>"; };
		1E67FD9D245B634200182C41 /* Base */ = {isa = PBXFileReference; lastKnownFileType = file.storyboard; name = Base; path = Base.lproj/Main.storyboard; sourceTree = "<group>"; };
		1E67FDA0245B634200182C41 /* RemoteMC3.xcdatamodel */ = {isa = PBXFileReference; lastKnownFileType = wrapper.xcdatamodel; path = RemoteMC3.xcdatamodel; sourceTree = "<group>"; };
		1E67FDA2245B634400182C41 /* Assets.xcassets */ = {isa = PBXFileReference; lastKnownFileType = folder.assetcatalog; path = Assets.xcassets; sourceTree = "<group>"; };
		1E67FDA5245B634400182C41 /* Base */ = {isa = PBXFileReference; lastKnownFileType = file.storyboard; name = Base; path = Base.lproj/LaunchScreen.storyboard; sourceTree = "<group>"; };
		1E67FDA7245B634400182C41 /* Info.plist */ = {isa = PBXFileReference; lastKnownFileType = text.plist.xml; path = Info.plist; sourceTree = "<group>"; };
		1E67FDAC245B634500182C41 /* RemoteMC3Tests.xctest */ = {isa = PBXFileReference; explicitFileType = wrapper.cfbundle; includeInIndex = 0; path = RemoteMC3Tests.xctest; sourceTree = BUILT_PRODUCTS_DIR; };
		1E67FDB0245B634500182C41 /* RemoteMC3Tests.swift */ = {isa = PBXFileReference; lastKnownFileType = sourcecode.swift; path = RemoteMC3Tests.swift; sourceTree = "<group>"; };
		1E67FDB2245B634500182C41 /* Info.plist */ = {isa = PBXFileReference; lastKnownFileType = text.plist.xml; path = Info.plist; sourceTree = "<group>"; };
		1E67FDB7245B634500182C41 /* RemoteMC3UITests.xctest */ = {isa = PBXFileReference; explicitFileType = wrapper.cfbundle; includeInIndex = 0; path = RemoteMC3UITests.xctest; sourceTree = BUILT_PRODUCTS_DIR; };
		1E67FDBB245B634500182C41 /* RemoteMC3UITests.swift */ = {isa = PBXFileReference; lastKnownFileType = sourcecode.swift; path = RemoteMC3UITests.swift; sourceTree = "<group>"; };
		1E67FDBD245B634500182C41 /* Info.plist */ = {isa = PBXFileReference; lastKnownFileType = text.plist.xml; path = Info.plist; sourceTree = "<group>"; };
		1E67FDC9245B634B00182C41 /* RemoteMC3.entitlements */ = {isa = PBXFileReference; lastKnownFileType = text.plist.entitlements; path = RemoteMC3.entitlements; sourceTree = "<group>"; };
		1ED7C770247C4F3200042340 /* LoginViewModel.swift */ = {isa = PBXFileReference; lastKnownFileType = sourcecode.swift; path = LoginViewModel.swift; sourceTree = "<group>"; };
		1EDCF6B82486E8CE00E7FAFB /* PendingPeopleCollectionCell.swift */ = {isa = PBXFileReference; lastKnownFileType = sourcecode.swift; path = PendingPeopleCollectionCell.swift; sourceTree = "<group>"; };
		25E79838246F0CE8009E35C0 /* ConfigurationViewController.swift */ = {isa = PBXFileReference; lastKnownFileType = sourcecode.swift; path = ConfigurationViewController.swift; sourceTree = "<group>"; };
		25E7983A246F0D5C009E35C0 /* ConfigurationViewModel.swift */ = {isa = PBXFileReference; lastKnownFileType = sourcecode.swift; path = ConfigurationViewModel.swift; sourceTree = "<group>"; };
		25E7983C246F115A009E35C0 /* ConfigurationCollectionCell.swift */ = {isa = PBXFileReference; lastKnownFileType = sourcecode.swift; path = ConfigurationCollectionCell.swift; sourceTree = "<group>"; };
		25FA6C4D246DC5E300F4837F /* Notification.swift */ = {isa = PBXFileReference; lastKnownFileType = sourcecode.swift; path = Notification.swift; sourceTree = "<group>"; };
		25FA6C4F246DC6A100F4837F /* RequestNotification.swift */ = {isa = PBXFileReference; lastKnownFileType = sourcecode.swift; path = RequestNotification.swift; sourceTree = "<group>"; };
		25FA6C51246DC82600F4837F /* NotificationViewController.swift */ = {isa = PBXFileReference; lastKnownFileType = sourcecode.swift; path = NotificationViewController.swift; sourceTree = "<group>"; };
		25FA6C53246DCA4100F4837F /* NotificationViewModel.swift */ = {isa = PBXFileReference; lastKnownFileType = sourcecode.swift; path = NotificationViewModel.swift; sourceTree = "<group>"; };
		25FA6C55246DD3DC00F4837F /* NotificationCollectionCell.swift */ = {isa = PBXFileReference; lastKnownFileType = sourcecode.swift; path = NotificationCollectionCell.swift; sourceTree = "<group>"; };
		4F339D502473055A009F5102 /* ServerService.swift */ = {isa = PBXFileReference; lastKnownFileType = sourcecode.swift; path = ServerService.swift; sourceTree = "<group>"; };
		4F339D58247472E7009F5102 /* Responsible.swift */ = {isa = PBXFileReference; lastKnownFileType = sourcecode.swift; path = Responsible.swift; sourceTree = "<group>"; };
		4F339D5A24747D56009F5102 /* MemberViewModel.swift */ = {isa = PBXFileReference; fileEncoding = 4; lastKnownFileType = sourcecode.swift; path = MemberViewModel.swift; sourceTree = "<group>"; };
		4F339D6124771090009F5102 /* Response.swift */ = {isa = PBXFileReference; lastKnownFileType = sourcecode.swift; path = Response.swift; sourceTree = "<group>"; };
		4F339D63247710A0009F5102 /* Requisition.swift */ = {isa = PBXFileReference; lastKnownFileType = sourcecode.swift; path = Requisition.swift; sourceTree = "<group>"; };
		4F339D6524771137009F5102 /* CommunicationProtocol.swift */ = {isa = PBXFileReference; lastKnownFileType = sourcecode.swift; path = CommunicationProtocol.swift; sourceTree = "<group>"; };
		4F339D67247CA5FA009F5102 /* Solicitation.swift */ = {isa = PBXFileReference; lastKnownFileType = sourcecode.swift; path = Solicitation.swift; sourceTree = "<group>"; };
		4F8B402C2469E3D700189CA6 /* FeedViewModel.swift */ = {isa = PBXFileReference; lastKnownFileType = sourcecode.swift; path = FeedViewModel.swift; sourceTree = "<group>"; };
		4F8B402E2469E41700189CA6 /* Project.swift */ = {isa = PBXFileReference; lastKnownFileType = sourcecode.swift; path = Project.swift; sourceTree = "<group>"; };
		4F8B40342469E50700189CA6 /* User.swift */ = {isa = PBXFileReference; lastKnownFileType = sourcecode.swift; path = User.swift; sourceTree = "<group>"; };
		4F8B40362469E52F00189CA6 /* Phase.swift */ = {isa = PBXFileReference; lastKnownFileType = sourcecode.swift; path = Phase.swift; sourceTree = "<group>"; };
		4F8B40382469E59F00189CA6 /* FeedViewController.swift */ = {isa = PBXFileReference; lastKnownFileType = sourcecode.swift; path = FeedViewController.swift; sourceTree = "<group>"; };
		4F8B403B2469EDE300189CA6 /* FeedProjectCollectionCell.swift */ = {isa = PBXFileReference; lastKnownFileType = sourcecode.swift; path = FeedProjectCollectionCell.swift; sourceTree = "<group>"; };
		4F8B403E2469F51400189CA6 /* CloudKitService.swift */ = {isa = PBXFileReference; lastKnownFileType = sourcecode.swift; path = CloudKitService.swift; sourceTree = "<group>"; };
		CB02B482246D9FA70071B7F2 /* CreateProjectViewController.swift */ = {isa = PBXFileReference; lastKnownFileType = sourcecode.swift; path = CreateProjectViewController.swift; sourceTree = "<group>"; };
		CB04A5D1247309FE00CF5DB4 /* SpecificPhaseTableCell.swift */ = {isa = PBXFileReference; lastKnownFileType = sourcecode.swift; path = SpecificPhaseTableCell.swift; sourceTree = "<group>"; };
		CB0778EB24709F4F00D4AA0E /* VerticallyCenteredTextView.swift */ = {isa = PBXFileReference; lastKnownFileType = sourcecode.swift; path = VerticallyCenteredTextView.swift; sourceTree = "<group>"; };
		CB479DA424854FDD005A2BBB /* EditProjectViewController.swift */ = {isa = PBXFileReference; lastKnownFileType = sourcecode.swift; path = EditProjectViewController.swift; sourceTree = "<group>"; };
		CB479DA824859AA1005A2BBB /* EditProjectViewModel.swift */ = {isa = PBXFileReference; lastKnownFileType = sourcecode.swift; path = EditProjectViewModel.swift; sourceTree = "<group>"; };
		CB4FFD9E2474606200DB480B /* MemberViewController.swift */ = {isa = PBXFileReference; lastKnownFileType = sourcecode.swift; path = MemberViewController.swift; sourceTree = "<group>"; };
		CB4FFDA4247465B000DB480B /* Member.swift */ = {isa = PBXFileReference; lastKnownFileType = sourcecode.swift; path = Member.swift; sourceTree = "<group>"; };
		CB6BFFA5246B70A500C3BA1E /* FeedCategoryCollectionCell.swift */ = {isa = PBXFileReference; lastKnownFileType = sourcecode.swift; path = FeedCategoryCollectionCell.swift; sourceTree = "<group>"; };
		CB7C366A2471D2FC00B7D9FD /* SpecificProjectViewModel.swift */ = {isa = PBXFileReference; fileEncoding = 4; lastKnownFileType = sourcecode.swift; path = SpecificProjectViewModel.swift; sourceTree = "<group>"; };
		CB7C366C2471D32D00B7D9FD /* SpecificProjectPhaseCollectionCell.swift */ = {isa = PBXFileReference; lastKnownFileType = sourcecode.swift; path = SpecificProjectPhaseCollectionCell.swift; sourceTree = "<group>"; };
		CB7C366E2471D35D00B7D9FD /* SpecificProjectCollectionCell.swift */ = {isa = PBXFileReference; lastKnownFileType = sourcecode.swift; path = SpecificProjectCollectionCell.swift; sourceTree = "<group>"; };
		CBAB302424868EAB00557C08 /* ProjectWiithMeCollectionCell.swift */ = {isa = PBXFileReference; lastKnownFileType = sourcecode.swift; path = ProjectWiithMeCollectionCell.swift; sourceTree = "<group>"; };
		CBBDE667246C634A005B52D0 /* Category.swift */ = {isa = PBXFileReference; lastKnownFileType = sourcecode.swift; path = Category.swift; sourceTree = "<group>"; };
		CBC3E0ED2479B64500273E62 /* CustomCollectionHeader.swift */ = {isa = PBXFileReference; lastKnownFileType = sourcecode.swift; path = CustomCollectionHeader.swift; sourceTree = "<group>"; };
		CBC7751C246EE0D900D1B70F /* CreateProjectViewModel.swift */ = {isa = PBXFileReference; lastKnownFileType = sourcecode.swift; path = CreateProjectViewModel.swift; sourceTree = "<group>"; };
		CBC7751E246EE6DC00D1B70F /* SpecificProjectViewController.swift */ = {isa = PBXFileReference; lastKnownFileType = sourcecode.swift; path = SpecificProjectViewController.swift; sourceTree = "<group>"; };
		CBF273D9246EEB66004027A4 /* Extension.swift */ = {isa = PBXFileReference; lastKnownFileType = sourcecode.swift; path = Extension.swift; sourceTree = "<group>"; };
/* End PBXFileReference section */

/* Begin PBXFrameworksBuildPhase section */
		1E67FD90245B634200182C41 /* Frameworks */ = {
			isa = PBXFrameworksBuildPhase;
			buildActionMask = 2147483647;
			files = (
			);
			runOnlyForDeploymentPostprocessing = 0;
		};
		1E67FDA9245B634500182C41 /* Frameworks */ = {
			isa = PBXFrameworksBuildPhase;
			buildActionMask = 2147483647;
			files = (
			);
			runOnlyForDeploymentPostprocessing = 0;
		};
		1E67FDB4245B634500182C41 /* Frameworks */ = {
			isa = PBXFrameworksBuildPhase;
			buildActionMask = 2147483647;
			files = (
			);
			runOnlyForDeploymentPostprocessing = 0;
		};
/* End PBXFrameworksBuildPhase section */

/* Begin PBXGroup section */
		1E0665D12486C5B300F24E81 /* PeopleScreen */ = {
			isa = PBXGroup;
			children = (
				1E0665D42486C5E600F24E81 /* Models */,
				1E0665D32486C5E300F24E81 /* Views */,
				1E0665D22486C5D900F24E81 /* ViewModels */,
			);
			path = PeopleScreen;
			sourceTree = "<group>";
		};
		1E0665D22486C5D900F24E81 /* ViewModels */ = {
			isa = PBXGroup;
			children = (
				1E0665D92486C62C00F24E81 /* PersonViewModel.swift */,
			);
			path = ViewModels;
			sourceTree = "<group>";
		};
		1E0665D32486C5E300F24E81 /* Views */ = {
			isa = PBXGroup;
			children = (
				1E0665D72486C61B00F24E81 /* PersonViewController.swift */,
				1E0665DB2486CA4200F24E81 /* ApprovedPeopleCollectionCell.swift */,
				1EDCF6B82486E8CE00E7FAFB /* PendingPeopleCollectionCell.swift */,
			);
			path = Views;
			sourceTree = "<group>";
		};
		1E0665D42486C5E600F24E81 /* Models */ = {
			isa = PBXGroup;
			children = (
				1E0665D52486C60E00F24E81 /* Person.swift */,
			);
			path = Models;
			sourceTree = "<group>";
		};
		1E569D2D247869BB0035CADA /* Helpers */ = {
			isa = PBXGroup;
			children = (
				1E569D2E247869C70035CADA /* AuthState.swift */,
				1E569D2F247869C70035CADA /* SignInWithAppleManager.swift */,
			);
			path = Helpers;
			sourceTree = "<group>";
		};
		1E67FD8A245B634200182C41 = {
			isa = PBXGroup;
			children = (
				1E67FD95245B634200182C41 /* RemoteMC3 */,
				1E67FDAF245B634500182C41 /* RemoteMC3Tests */,
				1E67FDBA245B634500182C41 /* RemoteMC3UITests */,
				1E67FD94245B634200182C41 /* Products */,
			);
			sourceTree = "<group>";
		};
		1E67FD94245B634200182C41 /* Products */ = {
			isa = PBXGroup;
			children = (
				1E67FD93245B634200182C41 /* Projeta.app */,
				1E67FDAC245B634500182C41 /* RemoteMC3Tests.xctest */,
				1E67FDB7245B634500182C41 /* RemoteMC3UITests.xctest */,
			);
			name = Products;
			sourceTree = "<group>";
		};
		1E67FD95245B634200182C41 /* RemoteMC3 */ = {
			isa = PBXGroup;
			children = (
				4F339D5D24770F15009F5102 /* Models */,
				CB9175AE246B62A200D10580 /* LoginScreen */,
				CB9175A5246B5EC800D10580 /* FeedScreen */,
				CB9175A6246B5FAE00D10580 /* CreateProjectScreen */,
				CB9175AA246B5FDE00D10580 /* SpecificProjectScreen */,
				25E79832246F09FD009E35C0 /* ConfigurationScreen */,
				CB479DA024854F78005A2BBB /* EditProjectScreen */,
				25FA6C49246DB94800F4837F /* NotificationScreen */,
				CB4FFD9A2474601A00DB480B /* MemberScreen */,
				1E0665D12486C5B300F24E81 /* PeopleScreen */,
				4F8B403D2469F4F600189CA6 /* Services */,
				1E67FDC9245B634B00182C41 /* RemoteMC3.entitlements */,
				1E67FD96245B634200182C41 /* AppDelegate.swift */,
				1E67FD98245B634200182C41 /* SceneDelegate.swift */,
				1E67FD9C245B634200182C41 /* Main.storyboard */,
				1E67FDA2245B634400182C41 /* Assets.xcassets */,
				1E67FDA4245B634400182C41 /* LaunchScreen.storyboard */,
				1E67FDA7245B634400182C41 /* Info.plist */,
				1E67FD9F245B634200182C41 /* RemoteMC3.xcdatamodeld */,
				CBF273D9246EEB66004027A4 /* Extension.swift */,
			);
			path = RemoteMC3;
			sourceTree = "<group>";
		};
		1E67FDAF245B634500182C41 /* RemoteMC3Tests */ = {
			isa = PBXGroup;
			children = (
				1E67FDB0245B634500182C41 /* RemoteMC3Tests.swift */,
				1E67FDB2245B634500182C41 /* Info.plist */,
			);
			path = RemoteMC3Tests;
			sourceTree = "<group>";
		};
		1E67FDBA245B634500182C41 /* RemoteMC3UITests */ = {
			isa = PBXGroup;
			children = (
				1E67FDBB245B634500182C41 /* RemoteMC3UITests.swift */,
				1E67FDBD245B634500182C41 /* Info.plist */,
			);
			path = RemoteMC3UITests;
			sourceTree = "<group>";
		};
		1ED7C76F247C4F1500042340 /* ViewModels */ = {
			isa = PBXGroup;
			children = (
				1ED7C770247C4F3200042340 /* LoginViewModel.swift */,
			);
			path = ViewModels;
			sourceTree = "<group>";
		};
		25E79832246F09FD009E35C0 /* ConfigurationScreen */ = {
			isa = PBXGroup;
			children = (
				25E79835246F0A30009E35C0 /* Models */,
				25E79834246F0A2D009E35C0 /* Views */,
				25E79833246F0A2A009E35C0 /* ViewModels */,
			);
			path = ConfigurationScreen;
			sourceTree = "<group>";
		};
		25E79833246F0A2A009E35C0 /* ViewModels */ = {
			isa = PBXGroup;
			children = (
				25E7983A246F0D5C009E35C0 /* ConfigurationViewModel.swift */,
			);
			path = ViewModels;
			sourceTree = "<group>";
		};
		25E79834246F0A2D009E35C0 /* Views */ = {
			isa = PBXGroup;
			children = (
				25E79838246F0CE8009E35C0 /* ConfigurationViewController.swift */,
				CBC3E0ED2479B64500273E62 /* CustomCollectionHeader.swift */,
				25E7983C246F115A009E35C0 /* ConfigurationCollectionCell.swift */,
				CBAB302424868EAB00557C08 /* ProjectWiithMeCollectionCell.swift */,
			);
			path = Views;
			sourceTree = "<group>";
		};
		25E79835246F0A30009E35C0 /* Models */ = {
			isa = PBXGroup;
			children = (
			);
			path = Models;
			sourceTree = "<group>";
		};
		25FA6C49246DB94800F4837F /* NotificationScreen */ = {
			isa = PBXGroup;
			children = (
				25FA6C4A246DB96E00F4837F /* Models */,
				25FA6C4B246DB97F00F4837F /* Views */,
				25FA6C4C246DB98B00F4837F /* ViewModels */,
			);
			path = NotificationScreen;
			sourceTree = "<group>";
		};
		25FA6C4A246DB96E00F4837F /* Models */ = {
			isa = PBXGroup;
			children = (
				25FA6C4D246DC5E300F4837F /* Notification.swift */,
				25FA6C4F246DC6A100F4837F /* RequestNotification.swift */,
			);
			path = Models;
			sourceTree = "<group>";
		};
		25FA6C4B246DB97F00F4837F /* Views */ = {
			isa = PBXGroup;
			children = (
				25FA6C51246DC82600F4837F /* NotificationViewController.swift */,
				25FA6C55246DD3DC00F4837F /* NotificationCollectionCell.swift */,
			);
			path = Views;
			sourceTree = "<group>";
		};
		25FA6C4C246DB98B00F4837F /* ViewModels */ = {
			isa = PBXGroup;
			children = (
				25FA6C53246DCA4100F4837F /* NotificationViewModel.swift */,
			);
			path = ViewModels;
			sourceTree = "<group>";
		};
		4F339D5D24770F15009F5102 /* Models */ = {
			isa = PBXGroup;
			children = (
				4F339D6124771090009F5102 /* Response.swift */,
				4F339D63247710A0009F5102 /* Requisition.swift */,
				4F339D6524771137009F5102 /* CommunicationProtocol.swift */,
				4F339D67247CA5FA009F5102 /* Solicitation.swift */,
			);
			path = Models;
			sourceTree = "<group>";
		};
		4F8B40292469E39900189CA6 /* ViewModels */ = {
			isa = PBXGroup;
			children = (
				4F8B402C2469E3D700189CA6 /* FeedViewModel.swift */,
			);
			path = ViewModels;
			sourceTree = "<group>";
		};
		4F8B402B2469E3BE00189CA6 /* Models */ = {
			isa = PBXGroup;
			children = (
				4F8B402E2469E41700189CA6 /* Project.swift */,
				4F8B40362469E52F00189CA6 /* Phase.swift */,
				CBBDE667246C634A005B52D0 /* Category.swift */,
				4F339D58247472E7009F5102 /* Responsible.swift */,
			);
			path = Models;
			sourceTree = "<group>";
		};
		4F8B403D2469F4F600189CA6 /* Services */ = {
			isa = PBXGroup;
			children = (
				4F8B403E2469F51400189CA6 /* CloudKitService.swift */,
				4F339D502473055A009F5102 /* ServerService.swift */,
			);
			path = Services;
			sourceTree = "<group>";
		};
		4F8B4040246B295200189CA6 /* Views */ = {
			isa = PBXGroup;
			children = (
				4F8B40382469E59F00189CA6 /* FeedViewController.swift */,
				4F8B403B2469EDE300189CA6 /* FeedProjectCollectionCell.swift */,
				CB6BFFA5246B70A500C3BA1E /* FeedCategoryCollectionCell.swift */,
			);
			path = Views;
			sourceTree = "<group>";
		};
		CB479DA024854F78005A2BBB /* EditProjectScreen */ = {
			isa = PBXGroup;
			children = (
				CB479DA324854FBB005A2BBB /* Model */,
				CB479DA224854FAF005A2BBB /* View */,
				CB479DA124854F8F005A2BBB /* ViewModel */,
			);
			path = EditProjectScreen;
			sourceTree = "<group>";
		};
		CB479DA124854F8F005A2BBB /* ViewModel */ = {
			isa = PBXGroup;
			children = (
				CB479DA824859AA1005A2BBB /* EditProjectViewModel.swift */,
			);
			path = ViewModel;
			sourceTree = "<group>";
		};
		CB479DA224854FAF005A2BBB /* View */ = {
			isa = PBXGroup;
			children = (
				CB479DA424854FDD005A2BBB /* EditProjectViewController.swift */,
			);
			path = View;
			sourceTree = "<group>";
		};
		CB479DA324854FBB005A2BBB /* Model */ = {
			isa = PBXGroup;
			children = (
			);
			path = Model;
			sourceTree = "<group>";
		};
		CB4FFD9A2474601A00DB480B /* MemberScreen */ = {
			isa = PBXGroup;
			children = (
				CB4FFD9D2474603B00DB480B /* Models */,
				CB4FFD9C2474603200DB480B /* Views */,
				CB4FFD9B2474602B00DB480B /* ViewModels */,
			);
			path = MemberScreen;
			sourceTree = "<group>";
		};
		CB4FFD9B2474602B00DB480B /* ViewModels */ = {
			isa = PBXGroup;
			children = (
				4F339D5A24747D56009F5102 /* MemberViewModel.swift */,
			);
			path = ViewModels;
			sourceTree = "<group>";
		};
		CB4FFD9C2474603200DB480B /* Views */ = {
			isa = PBXGroup;
			children = (
				CB4FFD9E2474606200DB480B /* MemberViewController.swift */,
			);
			path = Views;
			sourceTree = "<group>";
		};
		CB4FFD9D2474603B00DB480B /* Models */ = {
			isa = PBXGroup;
			children = (
				CB4FFDA4247465B000DB480B /* Member.swift */,
			);
			path = Models;
			sourceTree = "<group>";
		};
		CB9175A5246B5EC800D10580 /* FeedScreen */ = {
			isa = PBXGroup;
			children = (
				4F8B402B2469E3BE00189CA6 /* Models */,
				4F8B4040246B295200189CA6 /* Views */,
				4F8B40292469E39900189CA6 /* ViewModels */,
			);
			path = FeedScreen;
			sourceTree = "<group>";
		};
		CB9175A6246B5FAE00D10580 /* CreateProjectScreen */ = {
			isa = PBXGroup;
			children = (
				CB9175A9246B5FD300D10580 /* Models */,
				CB9175A8246B5FCA00D10580 /* Views */,
				CB9175A7246B5FC000D10580 /* ViewModels */,
			);
			path = CreateProjectScreen;
			sourceTree = "<group>";
		};
		CB9175A7246B5FC000D10580 /* ViewModels */ = {
			isa = PBXGroup;
			children = (
				CBC7751C246EE0D900D1B70F /* CreateProjectViewModel.swift */,
			);
			path = ViewModels;
			sourceTree = "<group>";
		};
		CB9175A8246B5FCA00D10580 /* Views */ = {
			isa = PBXGroup;
			children = (
				CB02B482246D9FA70071B7F2 /* CreateProjectViewController.swift */,
				CB0778EB24709F4F00D4AA0E /* VerticallyCenteredTextView.swift */,
				CB04A5D1247309FE00CF5DB4 /* SpecificPhaseTableCell.swift */,
			);
			path = Views;
			sourceTree = "<group>";
		};
		CB9175A9246B5FD300D10580 /* Models */ = {
			isa = PBXGroup;
			children = (
			);
			path = Models;
			sourceTree = "<group>";
		};
		CB9175AA246B5FDE00D10580 /* SpecificProjectScreen */ = {
			isa = PBXGroup;
			children = (
				CB9175AD246B600D00D10580 /* Models */,
				CB9175AC246B600800D10580 /* Views */,
				CB9175AB246B600000D10580 /* ViewModels */,
			);
			path = SpecificProjectScreen;
			sourceTree = "<group>";
		};
		CB9175AB246B600000D10580 /* ViewModels */ = {
			isa = PBXGroup;
			children = (
				CB7C366A2471D2FC00B7D9FD /* SpecificProjectViewModel.swift */,
			);
			path = ViewModels;
			sourceTree = "<group>";
		};
		CB9175AC246B600800D10580 /* Views */ = {
			isa = PBXGroup;
			children = (
				CBC7751E246EE6DC00D1B70F /* SpecificProjectViewController.swift */,
				CB7C366C2471D32D00B7D9FD /* SpecificProjectPhaseCollectionCell.swift */,
				CB7C366E2471D35D00B7D9FD /* SpecificProjectCollectionCell.swift */,
			);
			path = Views;
			sourceTree = "<group>";
		};
		CB9175AD246B600D00D10580 /* Models */ = {
			isa = PBXGroup;
			children = (
			);
			path = Models;
			sourceTree = "<group>";
		};
		CB9175AE246B62A200D10580 /* LoginScreen */ = {
			isa = PBXGroup;
			children = (
				1E569D2D247869BB0035CADA /* Helpers */,
				CB9175B1246B62B900D10580 /* Models */,
				CB9175B0246B62B300D10580 /* Views */,
				1ED7C76F247C4F1500042340 /* ViewModels */,
			);
			path = LoginScreen;
			sourceTree = "<group>";
		};
		CB9175B0246B62B300D10580 /* Views */ = {
			isa = PBXGroup;
			children = (
				1E569D292478698E0035CADA /* LoginViewController.swift */,
			);
			path = Views;
			sourceTree = "<group>";
		};
		CB9175B1246B62B900D10580 /* Models */ = {
			isa = PBXGroup;
			children = (
				4F8B40342469E50700189CA6 /* User.swift */,
			);
			path = Models;
			sourceTree = "<group>";
		};
/* End PBXGroup section */

/* Begin PBXNativeTarget section */
		1E67FD92245B634200182C41 /* RemoteMC3 */ = {
			isa = PBXNativeTarget;
			buildConfigurationList = 1E67FDC0245B634500182C41 /* Build configuration list for PBXNativeTarget "RemoteMC3" */;
			buildPhases = (
				1E67FD8F245B634200182C41 /* Sources */,
				1E67FD90245B634200182C41 /* Frameworks */,
				1E67FD91245B634200182C41 /* Resources */,
				1E67FDCA245B64AE00182C41 /* ShellScript */,
			);
			buildRules = (
			);
			dependencies = (
			);
			name = RemoteMC3;
			productName = RemoteMC3;
			productReference = 1E67FD93245B634200182C41 /* Projeta.app */;
			productType = "com.apple.product-type.application";
		};
		1E67FDAB245B634500182C41 /* RemoteMC3Tests */ = {
			isa = PBXNativeTarget;
			buildConfigurationList = 1E67FDC3245B634500182C41 /* Build configuration list for PBXNativeTarget "RemoteMC3Tests" */;
			buildPhases = (
				1E67FDA8245B634500182C41 /* Sources */,
				1E67FDA9245B634500182C41 /* Frameworks */,
				1E67FDAA245B634500182C41 /* Resources */,
			);
			buildRules = (
			);
			dependencies = (
				1E67FDAE245B634500182C41 /* PBXTargetDependency */,
			);
			name = RemoteMC3Tests;
			productName = RemoteMC3Tests;
			productReference = 1E67FDAC245B634500182C41 /* RemoteMC3Tests.xctest */;
			productType = "com.apple.product-type.bundle.unit-test";
		};
		1E67FDB6245B634500182C41 /* RemoteMC3UITests */ = {
			isa = PBXNativeTarget;
			buildConfigurationList = 1E67FDC6245B634500182C41 /* Build configuration list for PBXNativeTarget "RemoteMC3UITests" */;
			buildPhases = (
				1E67FDB3245B634500182C41 /* Sources */,
				1E67FDB4245B634500182C41 /* Frameworks */,
				1E67FDB5245B634500182C41 /* Resources */,
			);
			buildRules = (
			);
			dependencies = (
				1E67FDB9245B634500182C41 /* PBXTargetDependency */,
			);
			name = RemoteMC3UITests;
			productName = RemoteMC3UITests;
			productReference = 1E67FDB7245B634500182C41 /* RemoteMC3UITests.xctest */;
			productType = "com.apple.product-type.bundle.ui-testing";
		};
/* End PBXNativeTarget section */

/* Begin PBXProject section */
		1E67FD8B245B634200182C41 /* Project object */ = {
			isa = PBXProject;
			attributes = {
				LastSwiftUpdateCheck = 1140;
				LastUpgradeCheck = 1140;
				ORGANIZATIONNAME = "Paula Leite";
				TargetAttributes = {
					1E67FD92245B634200182C41 = {
						CreatedOnToolsVersion = 11.4.1;
					};
					1E67FDAB245B634500182C41 = {
						CreatedOnToolsVersion = 11.4.1;
						TestTargetID = 1E67FD92245B634200182C41;
					};
					1E67FDB6245B634500182C41 = {
						CreatedOnToolsVersion = 11.4.1;
						TestTargetID = 1E67FD92245B634200182C41;
					};
				};
			};
			buildConfigurationList = 1E67FD8E245B634200182C41 /* Build configuration list for PBXProject "RemoteMC3" */;
			compatibilityVersion = "Xcode 9.3";
			developmentRegion = en;
			hasScannedForEncodings = 0;
			knownRegions = (
				en,
				Base,
			);
			mainGroup = 1E67FD8A245B634200182C41;
			productRefGroup = 1E67FD94245B634200182C41 /* Products */;
			projectDirPath = "";
			projectRoot = "";
			targets = (
				1E67FD92245B634200182C41 /* RemoteMC3 */,
				1E67FDAB245B634500182C41 /* RemoteMC3Tests */,
				1E67FDB6245B634500182C41 /* RemoteMC3UITests */,
			);
		};
/* End PBXProject section */

/* Begin PBXResourcesBuildPhase section */
		1E67FD91245B634200182C41 /* Resources */ = {
			isa = PBXResourcesBuildPhase;
			buildActionMask = 2147483647;
			files = (
				1E67FDA6245B634400182C41 /* LaunchScreen.storyboard in Resources */,
				1E67FDA3245B634400182C41 /* Assets.xcassets in Resources */,
				1E67FD9E245B634200182C41 /* Main.storyboard in Resources */,
			);
			runOnlyForDeploymentPostprocessing = 0;
		};
		1E67FDAA245B634500182C41 /* Resources */ = {
			isa = PBXResourcesBuildPhase;
			buildActionMask = 2147483647;
			files = (
			);
			runOnlyForDeploymentPostprocessing = 0;
		};
		1E67FDB5245B634500182C41 /* Resources */ = {
			isa = PBXResourcesBuildPhase;
			buildActionMask = 2147483647;
			files = (
			);
			runOnlyForDeploymentPostprocessing = 0;
		};
/* End PBXResourcesBuildPhase section */

/* Begin PBXShellScriptBuildPhase section */
		1E67FDCA245B64AE00182C41 /* ShellScript */ = {
			isa = PBXShellScriptBuildPhase;
			buildActionMask = 2147483647;
			files = (
			);
			inputFileListPaths = (
			);
			inputPaths = (
			);
			outputFileListPaths = (
			);
			outputPaths = (
			);
			runOnlyForDeploymentPostprocessing = 0;
			shellPath = /bin/sh;
			shellScript = "# Type a script or drag a script file from your workspace to insert its path.\nif which swiftlint >/dev/null; then\nswiftlint\nelse\necho \"warning: SwiftLint not installed, download from https://github.com/realm/SwiftLint\"\nfi\n";
		};
/* End PBXShellScriptBuildPhase section */

/* Begin PBXSourcesBuildPhase section */
		1E67FD8F245B634200182C41 /* Sources */ = {
			isa = PBXSourcesBuildPhase;
			buildActionMask = 2147483647;
			files = (
				CB4FFD9F2474606200DB480B /* MemberViewController.swift in Sources */,
				1E0665DA2486C62C00F24E81 /* PersonViewModel.swift in Sources */,
				1E0665DC2486CA4200F24E81 /* ApprovedPeopleCollectionCell.swift in Sources */,
				CBC3E0EE2479B64500273E62 /* CustomCollectionHeader.swift in Sources */,
				4F339D64247710A0009F5102 /* Requisition.swift in Sources */,
				4F8B403F2469F51400189CA6 /* CloudKitService.swift in Sources */,
				1E569D30247869C70035CADA /* AuthState.swift in Sources */,
				4F8B402D2469E3D700189CA6 /* FeedViewModel.swift in Sources */,
				4F339D5B24747D56009F5102 /* MemberViewModel.swift in Sources */,
				4F339D6224771090009F5102 /* Response.swift in Sources */,
				CB7C366D2471D32D00B7D9FD /* SpecificProjectPhaseCollectionCell.swift in Sources */,
				4F339D512473055A009F5102 /* ServerService.swift in Sources */,
				CB7C366F2471D35D00B7D9FD /* SpecificProjectCollectionCell.swift in Sources */,
				CB02B483246D9FA70071B7F2 /* CreateProjectViewController.swift in Sources */,
				4F339D59247472E7009F5102 /* Responsible.swift in Sources */,
				4F8B40392469E59F00189CA6 /* FeedViewController.swift in Sources */,
				25FA6C56246DD3DC00F4837F /* NotificationCollectionCell.swift in Sources */,
				25E7983B246F0D5C009E35C0 /* ConfigurationViewModel.swift in Sources */,
				25FA6C4E246DC5E300F4837F /* Notification.swift in Sources */,
				25FA6C50246DC6A100F4837F /* RequestNotification.swift in Sources */,
				25E7983D246F115A009E35C0 /* ConfigurationCollectionCell.swift in Sources */,
				1E67FDA1245B634200182C41 /* RemoteMC3.xcdatamodeld in Sources */,
				1ED7C771247C4F3200042340 /* LoginViewModel.swift in Sources */,
				CB6BFFA6246B70A500C3BA1E /* FeedCategoryCollectionCell.swift in Sources */,
				CB479DA524854FDD005A2BBB /* EditProjectViewController.swift in Sources */,
				1E67FD97245B634200182C41 /* AppDelegate.swift in Sources */,
				4F8B40352469E50700189CA6 /* User.swift in Sources */,
				CB04A5D2247309FE00CF5DB4 /* SpecificPhaseTableCell.swift in Sources */,
				1E0665D82486C61B00F24E81 /* PersonViewController.swift in Sources */,
				CBF273DA246EEB66004027A4 /* Extension.swift in Sources */,
				1E0665D62486C60E00F24E81 /* Person.swift in Sources */,
				CB4FFDA5247465B000DB480B /* Member.swift in Sources */,
				CB7C366B2471D2FC00B7D9FD /* SpecificProjectViewModel.swift in Sources */,
				4F339D68247CA5FB009F5102 /* Solicitation.swift in Sources */,
				1E569D2A2478698E0035CADA /* LoginViewController.swift in Sources */,
				CB0778EC24709F4F00D4AA0E /* VerticallyCenteredTextView.swift in Sources */,
				25E79839246F0CE8009E35C0 /* ConfigurationViewController.swift in Sources */,
				1E67FD99245B634200182C41 /* SceneDelegate.swift in Sources */,
				1E569D31247869C70035CADA /* SignInWithAppleManager.swift in Sources */,
				CB479DA924859AA1005A2BBB /* EditProjectViewModel.swift in Sources */,
				4F8B403C2469EDE300189CA6 /* FeedProjectCollectionCell.swift in Sources */,
				1EDCF6B92486E8CE00E7FAFB /* PendingPeopleCollectionCell.swift in Sources */,
				25FA6C52246DC82600F4837F /* NotificationViewController.swift in Sources */,
				4F8B402F2469E41700189CA6 /* Project.swift in Sources */,
				CBAB302524868EAB00557C08 /* ProjectWiithMeCollectionCell.swift in Sources */,
				4F8B40372469E52F00189CA6 /* Phase.swift in Sources */,
				CBC7751D246EE0D900D1B70F /* CreateProjectViewModel.swift in Sources */,
				CBBDE668246C634A005B52D0 /* Category.swift in Sources */,
				25FA6C54246DCA4100F4837F /* NotificationViewModel.swift in Sources */,
				CBC7751F246EE6DC00D1B70F /* SpecificProjectViewController.swift in Sources */,
				4F339D6624771137009F5102 /* CommunicationProtocol.swift in Sources */,
			);
			runOnlyForDeploymentPostprocessing = 0;
		};
		1E67FDA8245B634500182C41 /* Sources */ = {
			isa = PBXSourcesBuildPhase;
			buildActionMask = 2147483647;
			files = (
				1E67FDB1245B634500182C41 /* RemoteMC3Tests.swift in Sources */,
			);
			runOnlyForDeploymentPostprocessing = 0;
		};
		1E67FDB3245B634500182C41 /* Sources */ = {
			isa = PBXSourcesBuildPhase;
			buildActionMask = 2147483647;
			files = (
				1E67FDBC245B634500182C41 /* RemoteMC3UITests.swift in Sources */,
			);
			runOnlyForDeploymentPostprocessing = 0;
		};
/* End PBXSourcesBuildPhase section */

/* Begin PBXTargetDependency section */
		1E67FDAE245B634500182C41 /* PBXTargetDependency */ = {
			isa = PBXTargetDependency;
			target = 1E67FD92245B634200182C41 /* RemoteMC3 */;
			targetProxy = 1E67FDAD245B634500182C41 /* PBXContainerItemProxy */;
		};
		1E67FDB9245B634500182C41 /* PBXTargetDependency */ = {
			isa = PBXTargetDependency;
			target = 1E67FD92245B634200182C41 /* RemoteMC3 */;
			targetProxy = 1E67FDB8245B634500182C41 /* PBXContainerItemProxy */;
		};
/* End PBXTargetDependency section */

/* Begin PBXVariantGroup section */
		1E67FD9C245B634200182C41 /* Main.storyboard */ = {
			isa = PBXVariantGroup;
			children = (
				1E67FD9D245B634200182C41 /* Base */,
			);
			name = Main.storyboard;
			sourceTree = "<group>";
		};
		1E67FDA4245B634400182C41 /* LaunchScreen.storyboard */ = {
			isa = PBXVariantGroup;
			children = (
				1E67FDA5245B634400182C41 /* Base */,
			);
			name = LaunchScreen.storyboard;
			sourceTree = "<group>";
		};
/* End PBXVariantGroup section */

/* Begin XCBuildConfiguration section */
		1E67FDBE245B634500182C41 /* Debug */ = {
			isa = XCBuildConfiguration;
			buildSettings = {
				ALWAYS_SEARCH_USER_PATHS = NO;
				CLANG_ANALYZER_NONNULL = YES;
				CLANG_ANALYZER_NUMBER_OBJECT_CONVERSION = YES_AGGRESSIVE;
				CLANG_CXX_LANGUAGE_STANDARD = "gnu++14";
				CLANG_CXX_LIBRARY = "libc++";
				CLANG_ENABLE_MODULES = YES;
				CLANG_ENABLE_OBJC_ARC = YES;
				CLANG_ENABLE_OBJC_WEAK = YES;
				CLANG_WARN_BLOCK_CAPTURE_AUTORELEASING = YES;
				CLANG_WARN_BOOL_CONVERSION = YES;
				CLANG_WARN_COMMA = YES;
				CLANG_WARN_CONSTANT_CONVERSION = YES;
				CLANG_WARN_DEPRECATED_OBJC_IMPLEMENTATIONS = YES;
				CLANG_WARN_DIRECT_OBJC_ISA_USAGE = YES_ERROR;
				CLANG_WARN_DOCUMENTATION_COMMENTS = YES;
				CLANG_WARN_EMPTY_BODY = YES;
				CLANG_WARN_ENUM_CONVERSION = YES;
				CLANG_WARN_INFINITE_RECURSION = YES;
				CLANG_WARN_INT_CONVERSION = YES;
				CLANG_WARN_NON_LITERAL_NULL_CONVERSION = YES;
				CLANG_WARN_OBJC_IMPLICIT_RETAIN_SELF = YES;
				CLANG_WARN_OBJC_LITERAL_CONVERSION = YES;
				CLANG_WARN_OBJC_ROOT_CLASS = YES_ERROR;
				CLANG_WARN_RANGE_LOOP_ANALYSIS = YES;
				CLANG_WARN_STRICT_PROTOTYPES = YES;
				CLANG_WARN_SUSPICIOUS_MOVE = YES;
				CLANG_WARN_UNGUARDED_AVAILABILITY = YES_AGGRESSIVE;
				CLANG_WARN_UNREACHABLE_CODE = YES;
				CLANG_WARN__DUPLICATE_METHOD_MATCH = YES;
				COPY_PHASE_STRIP = NO;
				DEBUG_INFORMATION_FORMAT = dwarf;
				ENABLE_STRICT_OBJC_MSGSEND = YES;
				ENABLE_TESTABILITY = YES;
				GCC_C_LANGUAGE_STANDARD = gnu11;
				GCC_DYNAMIC_NO_PIC = NO;
				GCC_NO_COMMON_BLOCKS = YES;
				GCC_OPTIMIZATION_LEVEL = 0;
				GCC_PREPROCESSOR_DEFINITIONS = (
					"DEBUG=1",
					"$(inherited)",
				);
				GCC_WARN_64_TO_32_BIT_CONVERSION = YES;
				GCC_WARN_ABOUT_RETURN_TYPE = YES_ERROR;
				GCC_WARN_UNDECLARED_SELECTOR = YES;
				GCC_WARN_UNINITIALIZED_AUTOS = YES_AGGRESSIVE;
				GCC_WARN_UNUSED_FUNCTION = YES;
				GCC_WARN_UNUSED_VARIABLE = YES;
				IPHONEOS_DEPLOYMENT_TARGET = 13.4;
				MTL_ENABLE_DEBUG_INFO = INCLUDE_SOURCE;
				MTL_FAST_MATH = YES;
				ONLY_ACTIVE_ARCH = YES;
				SDKROOT = iphoneos;
				SWIFT_ACTIVE_COMPILATION_CONDITIONS = DEBUG;
				SWIFT_OPTIMIZATION_LEVEL = "-Onone";
			};
			name = Debug;
		};
		1E67FDBF245B634500182C41 /* Release */ = {
			isa = XCBuildConfiguration;
			buildSettings = {
				ALWAYS_SEARCH_USER_PATHS = NO;
				CLANG_ANALYZER_NONNULL = YES;
				CLANG_ANALYZER_NUMBER_OBJECT_CONVERSION = YES_AGGRESSIVE;
				CLANG_CXX_LANGUAGE_STANDARD = "gnu++14";
				CLANG_CXX_LIBRARY = "libc++";
				CLANG_ENABLE_MODULES = YES;
				CLANG_ENABLE_OBJC_ARC = YES;
				CLANG_ENABLE_OBJC_WEAK = YES;
				CLANG_WARN_BLOCK_CAPTURE_AUTORELEASING = YES;
				CLANG_WARN_BOOL_CONVERSION = YES;
				CLANG_WARN_COMMA = YES;
				CLANG_WARN_CONSTANT_CONVERSION = YES;
				CLANG_WARN_DEPRECATED_OBJC_IMPLEMENTATIONS = YES;
				CLANG_WARN_DIRECT_OBJC_ISA_USAGE = YES_ERROR;
				CLANG_WARN_DOCUMENTATION_COMMENTS = YES;
				CLANG_WARN_EMPTY_BODY = YES;
				CLANG_WARN_ENUM_CONVERSION = YES;
				CLANG_WARN_INFINITE_RECURSION = YES;
				CLANG_WARN_INT_CONVERSION = YES;
				CLANG_WARN_NON_LITERAL_NULL_CONVERSION = YES;
				CLANG_WARN_OBJC_IMPLICIT_RETAIN_SELF = YES;
				CLANG_WARN_OBJC_LITERAL_CONVERSION = YES;
				CLANG_WARN_OBJC_ROOT_CLASS = YES_ERROR;
				CLANG_WARN_RANGE_LOOP_ANALYSIS = YES;
				CLANG_WARN_STRICT_PROTOTYPES = YES;
				CLANG_WARN_SUSPICIOUS_MOVE = YES;
				CLANG_WARN_UNGUARDED_AVAILABILITY = YES_AGGRESSIVE;
				CLANG_WARN_UNREACHABLE_CODE = YES;
				CLANG_WARN__DUPLICATE_METHOD_MATCH = YES;
				COPY_PHASE_STRIP = NO;
				DEBUG_INFORMATION_FORMAT = "dwarf-with-dsym";
				ENABLE_NS_ASSERTIONS = NO;
				ENABLE_STRICT_OBJC_MSGSEND = YES;
				GCC_C_LANGUAGE_STANDARD = gnu11;
				GCC_NO_COMMON_BLOCKS = YES;
				GCC_WARN_64_TO_32_BIT_CONVERSION = YES;
				GCC_WARN_ABOUT_RETURN_TYPE = YES_ERROR;
				GCC_WARN_UNDECLARED_SELECTOR = YES;
				GCC_WARN_UNINITIALIZED_AUTOS = YES_AGGRESSIVE;
				GCC_WARN_UNUSED_FUNCTION = YES;
				GCC_WARN_UNUSED_VARIABLE = YES;
				IPHONEOS_DEPLOYMENT_TARGET = 13.4;
				MTL_ENABLE_DEBUG_INFO = NO;
				MTL_FAST_MATH = YES;
				SDKROOT = iphoneos;
				SWIFT_COMPILATION_MODE = wholemodule;
				SWIFT_OPTIMIZATION_LEVEL = "-O";
				VALIDATE_PRODUCT = YES;
			};
			name = Release;
		};
		1E67FDC1245B634500182C41 /* Debug */ = {
			isa = XCBuildConfiguration;
			buildSettings = {
				ASSETCATALOG_COMPILER_APPICON_NAME = AppIcon;
				CODE_SIGN_ENTITLEMENTS = RemoteMC3/RemoteMC3.entitlements;
				CODE_SIGN_STYLE = Automatic;

				CURRENT_PROJECT_VERSION = 2;
				DEVELOPMENT_TEAM = 93JG72P729;

				INFOPLIST_FILE = RemoteMC3/Info.plist;
				LD_RUNPATH_SEARCH_PATHS = (
					"$(inherited)",
					"@executable_path/Frameworks",
				);

				MARKETING_VERSION = 1.1;
				PRODUCT_BUNDLE_IDENTIFIER = com.edg.remote3;
				PRODUCT_NAME = Projeta;

				SUPPORTS_MACCATALYST = NO;
				SWIFT_VERSION = 5.0;
				TARGETED_DEVICE_FAMILY = 1;
			};
			name = Debug;
		};
		1E67FDC2245B634500182C41 /* Release */ = {
			isa = XCBuildConfiguration;
			buildSettings = {
				ASSETCATALOG_COMPILER_APPICON_NAME = AppIcon;
				CODE_SIGN_ENTITLEMENTS = RemoteMC3/RemoteMC3.entitlements;
				CODE_SIGN_STYLE = Automatic;

				CURRENT_PROJECT_VERSION = 2;
				DEVELOPMENT_TEAM = 93JG72P729;

				INFOPLIST_FILE = RemoteMC3/Info.plist;
				LD_RUNPATH_SEARCH_PATHS = (
					"$(inherited)",
					"@executable_path/Frameworks",
				);

				MARKETING_VERSION = 1.1;
				PRODUCT_BUNDLE_IDENTIFIER = com.edg.remote3;
				PRODUCT_NAME = Projeta;

				SUPPORTS_MACCATALYST = NO;
				SWIFT_VERSION = 5.0;
				TARGETED_DEVICE_FAMILY = 1;
			};
			name = Release;
		};
		1E67FDC4245B634500182C41 /* Debug */ = {
			isa = XCBuildConfiguration;
			buildSettings = {
				ALWAYS_EMBED_SWIFT_STANDARD_LIBRARIES = YES;
				BUNDLE_LOADER = "$(TEST_HOST)";
				CODE_SIGN_STYLE = Automatic;
				DEVELOPMENT_TEAM = X54K5PJVGU;
				INFOPLIST_FILE = RemoteMC3Tests/Info.plist;
				IPHONEOS_DEPLOYMENT_TARGET = 13.4;
				LD_RUNPATH_SEARCH_PATHS = (
					"$(inherited)",
					"@executable_path/Frameworks",
					"@loader_path/Frameworks",
				);
				PRODUCT_BUNDLE_IDENTIFIER = ptl.RemoteMC3Tests;
				PRODUCT_NAME = "$(TARGET_NAME)";
				SWIFT_VERSION = 5.0;
				TARGETED_DEVICE_FAMILY = "1,2";
				TEST_HOST = "$(BUILT_PRODUCTS_DIR)/RemoteMC3.app/RemoteMC3";
			};
			name = Debug;
		};
		1E67FDC5245B634500182C41 /* Release */ = {
			isa = XCBuildConfiguration;
			buildSettings = {
				ALWAYS_EMBED_SWIFT_STANDARD_LIBRARIES = YES;
				BUNDLE_LOADER = "$(TEST_HOST)";
				CODE_SIGN_STYLE = Automatic;
				DEVELOPMENT_TEAM = X54K5PJVGU;
				INFOPLIST_FILE = RemoteMC3Tests/Info.plist;
				IPHONEOS_DEPLOYMENT_TARGET = 13.4;
				LD_RUNPATH_SEARCH_PATHS = (
					"$(inherited)",
					"@executable_path/Frameworks",
					"@loader_path/Frameworks",
				);
				PRODUCT_BUNDLE_IDENTIFIER = ptl.RemoteMC3Tests;
				PRODUCT_NAME = "$(TARGET_NAME)";
				SWIFT_VERSION = 5.0;
				TARGETED_DEVICE_FAMILY = "1,2";
				TEST_HOST = "$(BUILT_PRODUCTS_DIR)/RemoteMC3.app/RemoteMC3";
			};
			name = Release;
		};
		1E67FDC7245B634500182C41 /* Debug */ = {
			isa = XCBuildConfiguration;
			buildSettings = {
				ALWAYS_EMBED_SWIFT_STANDARD_LIBRARIES = YES;
				CODE_SIGN_STYLE = Automatic;
				DEVELOPMENT_TEAM = X54K5PJVGU;
				INFOPLIST_FILE = RemoteMC3UITests/Info.plist;
				LD_RUNPATH_SEARCH_PATHS = (
					"$(inherited)",
					"@executable_path/Frameworks",
					"@loader_path/Frameworks",
				);
				PRODUCT_BUNDLE_IDENTIFIER = ptl.RemoteMC3UITests;
				PRODUCT_NAME = "$(TARGET_NAME)";
				SWIFT_VERSION = 5.0;
				TARGETED_DEVICE_FAMILY = "1,2";
				TEST_TARGET_NAME = RemoteMC3;
			};
			name = Debug;
		};
		1E67FDC8245B634500182C41 /* Release */ = {
			isa = XCBuildConfiguration;
			buildSettings = {
				ALWAYS_EMBED_SWIFT_STANDARD_LIBRARIES = YES;
				CODE_SIGN_STYLE = Automatic;
				DEVELOPMENT_TEAM = X54K5PJVGU;
				INFOPLIST_FILE = RemoteMC3UITests/Info.plist;
				LD_RUNPATH_SEARCH_PATHS = (
					"$(inherited)",
					"@executable_path/Frameworks",
					"@loader_path/Frameworks",
				);
				PRODUCT_BUNDLE_IDENTIFIER = ptl.RemoteMC3UITests;
				PRODUCT_NAME = "$(TARGET_NAME)";
				SWIFT_VERSION = 5.0;
				TARGETED_DEVICE_FAMILY = "1,2";
				TEST_TARGET_NAME = RemoteMC3;
			};
			name = Release;
		};
/* End XCBuildConfiguration section */

/* Begin XCConfigurationList section */
		1E67FD8E245B634200182C41 /* Build configuration list for PBXProject "RemoteMC3" */ = {
			isa = XCConfigurationList;
			buildConfigurations = (
				1E67FDBE245B634500182C41 /* Debug */,
				1E67FDBF245B634500182C41 /* Release */,
			);
			defaultConfigurationIsVisible = 0;
			defaultConfigurationName = Release;
		};
		1E67FDC0245B634500182C41 /* Build configuration list for PBXNativeTarget "RemoteMC3" */ = {
			isa = XCConfigurationList;
			buildConfigurations = (
				1E67FDC1245B634500182C41 /* Debug */,
				1E67FDC2245B634500182C41 /* Release */,
			);
			defaultConfigurationIsVisible = 0;
			defaultConfigurationName = Release;
		};
		1E67FDC3245B634500182C41 /* Build configuration list for PBXNativeTarget "RemoteMC3Tests" */ = {
			isa = XCConfigurationList;
			buildConfigurations = (
				1E67FDC4245B634500182C41 /* Debug */,
				1E67FDC5245B634500182C41 /* Release */,
			);
			defaultConfigurationIsVisible = 0;
			defaultConfigurationName = Release;
		};
		1E67FDC6245B634500182C41 /* Build configuration list for PBXNativeTarget "RemoteMC3UITests" */ = {
			isa = XCConfigurationList;
			buildConfigurations = (
				1E67FDC7245B634500182C41 /* Debug */,
				1E67FDC8245B634500182C41 /* Release */,
			);
			defaultConfigurationIsVisible = 0;
			defaultConfigurationName = Release;
		};
/* End XCConfigurationList section */

/* Begin XCVersionGroup section */
		1E67FD9F245B634200182C41 /* RemoteMC3.xcdatamodeld */ = {
			isa = XCVersionGroup;
			children = (
				1E67FDA0245B634200182C41 /* RemoteMC3.xcdatamodel */,
			);
			currentVersion = 1E67FDA0245B634200182C41 /* RemoteMC3.xcdatamodel */;
			path = RemoteMC3.xcdatamodeld;
			sourceTree = "<group>";
			versionGroupType = wrapper.xcdatamodel;
		};
/* End XCVersionGroup section */
	};
	rootObject = 1E67FD8B245B634200182C41 /* Project object */;
}
